PODS:
  - cloudrail-si-ios-sdk (2.4.0)

DEPENDENCIES:
  - cloudrail-si-ios-sdk (from `../`)

EXTERNAL SOURCES:
  cloudrail-si-ios-sdk:
    :path: ../

SPEC CHECKSUMS:
  cloudrail-si-ios-sdk: 5bfe07005e675aa6d6160cbc698dd9948754422f

PODFILE CHECKSUM: 926202127d4801d18d8dc291dc95340e91bf8014

COCOAPODS: 1.0.0
