PODS:
  - cloudrail-si-ios-sdk (5.9.3)
  - Toast-Swift (2.0.0)

DEPENDENCIES:
  - cloudrail-si-ios-sdk
  - Toast-Swift (~> 2.0.0)

SPEC CHECKSUMS:
  cloudrail-si-ios-sdk: 2cc9b23ea2e124c88644ef14a7f11d3fff3a60ab
  Toast-Swift: 5b2f8f720f7e78e48511f693df1f9c9a6e38a25a

PODFILE CHECKSUM: 21670dd2b8ca3fc461173222e9496d6bb279d280

COCOAPODS: 1.2.1
